{
  "object": {
    "pins": [
      {
        "package": "Amplitude",
        "repositoryURL": "https://github.com/amplitude/Amplitude-iOS",
        "state": {
          "branch": null,
          "revision": "876f685f78097e1df31d6ba2a7754176fcaa65e5",
          "version": "4.9.3"
        }
      }
    ]
  },
  "version": 1
}
